{
  "version": 4,
  "terraform_version": "1.13.0",
  "serial": 6,
  "lineage": "f691b5e1-7338-cfc9-84de-3c1ea22462a2",
  "outputs": {
    "workers_dev_url": {
      "value": "https://llm-worker.satyamsoni.workers.dev",
      "type": "string"
    }
  },
  "resources": [
    {
      "mode": "managed",
      "type": "cloudflare_r2_bucket",
      "name": "assets",
      "provider": "provider[\"registry.terraform.io/cloudflare/cloudflare\"]",
      "instances": [
        {
          "schema_version": 0,
          "attributes": {
            "account_id": "a5c9c2a9c89a0214dcff19cb44da3e6a",
            "creation_date": "2025-08-25T08:53:09.013Z",
            "id": "llm-storage",
            "jurisdiction": "default",
            "location": "EEUR",
            "name": "llm-storage",
            "storage_class": "Standard"
          },
          "sensitive_attributes": [],
          "identity_schema_version": 0
        }
      ]
    },
    {
      "mode": "managed",
      "type": "cloudflare_workers_script",
      "name": "app",
      "provider": "provider[\"registry.terraform.io/cloudflare/cloudflare\"]",
      "instances": [
        {
          "schema_version": 0,
          "attributes": {
            "account_id": "a5c9c2a9c89a0214dcff19cb44da3e6a",
            "assets": null,
            "bindings": [
              {
                "algorithm": null,
                "bucket_name": "llm-storage",
                "certificate_id": null,
                "class_name": null,
                "dataset": null,
                "environment": null,
                "format": null,
                "id": null,
                "index_name": null,
                "json": null,
                "key_base64": null,
                "key_jwk": null,
                "name": "ASSETS",
                "namespace": null,
                "namespace_id": null,
                "outbound": null,
                "pipeline": null,
                "queue_name": null,
                "script_name": null,
                "secret_name": null,
                "service": null,
                "store_id": null,
                "text": null,
                "type": "r2_bucket",
                "usages": null,
                "workflow_name": null
              },
              {
                "algorithm": null,
                "bucket_name": null,
                "certificate_id": null,
                "class_name": null,
                "dataset": null,
                "environment": null,
                "format": null,
                "id": null,
                "index_name": null,
                "json": null,
                "key_base64": null,
                "key_jwk": null,
                "name": "AI",
                "namespace": null,
                "namespace_id": null,
                "outbound": null,
                "pipeline": null,
                "queue_name": null,
                "script_name": null,
                "secret_name": null,
                "service": null,
                "store_id": null,
                "text": null,
                "type": "ai",
                "usages": null,
                "workflow_name": null
              },
              {
                "algorithm": null,
                "bucket_name": null,
                "certificate_id": null,
                "class_name": null,
                "dataset": null,
                "environment": null,
                "format": null,
                "id": null,
                "index_name": null,
                "json": null,
                "key_base64": null,
                "key_jwk": null,
                "name": "rag_json",
                "namespace": null,
                "namespace_id": null,
                "outbound": null,
                "pipeline": null,
                "queue_name": null,
                "script_name": null,
                "secret_name": null,
                "service": null,
                "store_id": null,
                "text": "rag_index.json",
                "type": "plain_text",
                "usages": null,
                "workflow_name": null
              }
            ],
            "body_part": null,
            "compatibility_date": "2025-08-01",
            "compatibility_flags": [],
            "content": null,
            "content_file": "./worker/index.js",
            "content_sha256": "6c87638b61eae6020a99b0c2fef83fcd49fb6272eb0beb58ae15550c4a7a08a2",
            "content_type": null,
            "created_on": "2025-08-25T08:53:11Z",
            "etag": "f146e19282dc7133b31d7d5ae7521067e9d95d57b25c860135f67eb339b565c0",
            "has_assets": false,
            "has_modules": true,
            "id": "llm-worker",
            "keep_assets": null,
            "keep_bindings": null,
            "logpush": false,
            "main_module": "index.js",
            "migrations": null,
            "modified_on": "2025-08-25T09:20:27Z",
            "observability": null,
            "placement": null,
            "script_name": "llm-worker",
            "startup_time_ms": 0,
            "tail_consumers": null,
            "usage_model": "standard"
          },
          "sensitive_attributes": [
            [
              {
                "type": "get_attr",
                "value": "bindings"
              },
              {
                "type": "index",
                "value": {
                  "value": 0,
                  "type": "number"
                }
              },
              {
                "type": "get_attr",
                "value": "key_base64"
              }
            ],
            [
              {
                "type": "get_attr",
                "value": "bindings"
              },
              {
                "type": "index",
                "value": {
                  "value": 0,
                  "type": "number"
                }
              },
              {
                "type": "get_attr",
                "value": "key_jwk"
              }
            ],
            [
              {
                "type": "get_attr",
                "value": "bindings"
              },
              {
                "type": "index",
                "value": {
                  "value": 0,
                  "type": "number"
                }
              },
              {
                "type": "get_attr",
                "value": "text"
              }
            ],
            [
              {
                "type": "get_attr",
                "value": "bindings"
              },
              {
                "type": "index",
                "value": {
                  "value": 1,
                  "type": "number"
                }
              },
              {
                "type": "get_attr",
                "value": "key_base64"
              }
            ],
            [
              {
                "type": "get_attr",
                "value": "bindings"
              },
              {
                "type": "index",
                "value": {
                  "value": 1,
                  "type": "number"
                }
              },
              {
                "type": "get_attr",
                "value": "key_jwk"
              }
            ],
            [
              {
                "type": "get_attr",
                "value": "bindings"
              },
              {
                "type": "index",
                "value": {
                  "value": 1,
                  "type": "number"
                }
              },
              {
                "type": "get_attr",
                "value": "text"
              }
            ],
            [
              {
                "type": "get_attr",
                "value": "bindings"
              },
              {
                "type": "index",
                "value": {
                  "value": 2,
                  "type": "number"
                }
              },
              {
                "type": "get_attr",
                "value": "key_base64"
              }
            ],
            [
              {
                "type": "get_attr",
                "value": "bindings"
              },
              {
                "type": "index",
                "value": {
                  "value": 2,
                  "type": "number"
                }
              },
              {
                "type": "get_attr",
                "value": "key_jwk"
              }
            ],
            [
              {
                "type": "get_attr",
                "value": "bindings"
              },
              {
                "type": "index",
                "value": {
                  "value": 2,
                  "type": "number"
                }
              },
              {
                "type": "get_attr",
                "value": "text"
              }
            ]
          ],
          "identity_schema_version": 0,
          "dependencies": [
            "cloudflare_r2_bucket.assets"
          ]
        }
      ]
    },
    {
      "mode": "managed",
      "type": "cloudflare_workers_script_subdomain",
      "name": "app_workers_dev",
      "provider": "provider[\"registry.terraform.io/cloudflare/cloudflare\"]",
      "instances": [
        {
          "schema_version": 0,
          "attributes": {
            "account_id": "a5c9c2a9c89a0214dcff19cb44da3e6a",
            "enabled": true,
            "previews_enabled": null,
            "script_name": "llm-worker"
          },
          "sensitive_attributes": [],
          "identity_schema_version": 0,
          "dependencies": [
            "cloudflare_r2_bucket.assets",
            "cloudflare_workers_script.app"
          ]
        }
      ]
    }
  ],
  "check_results": null
}
